
Microsoft Visual Studio Solution File, Format Version 12.00
# Visual Studio Version 17
VisualStudioVersion = 17.13.35825.156 d17.13
MinimumVisualStudioVersion = 10.0.40219.1
Project("{FAE04EC0-301F-11D3-BF4B-00C04F79EFBC}") = "APILayer", "APILayer\APILayer.csproj", "{C9C28BC2-C853-4055-9D6B-7B92F0010DC2}"
EndProject
Project("{FAE04EC0-301F-11D3-BF4B-00C04F79EFBC}") = "BusinessLogicLayer", "BusinessLogicLayer\BusinessLogicLayer.csproj", "{0A63DAB3-160C-4BDF-919F-8E5E37D079DD}"
EndProject
Project("{FAE04EC0-301F-11D3-BF4B-00C04F79EFBC}") = "DataAccessLayer", "DataAccessLayer\DataAccessLayer.csproj", "{59F465EB-BAD5-4B78-9547-3A9619D65AE0}"
EndProject
Global
	GlobalSection(SolutionConfigurationPlatforms) = preSolution
		Debug|Any CPU = Debug|Any CPU
		Release|Any CPU = Release|Any CPU
	EndGlobalSection
	GlobalSection(ProjectConfigurationPlatforms) = postSolution
		{C9C28BC2-C853-4055-9D6B-7B92F0010DC2}.Debug|Any CPU.ActiveCfg = Debug|Any CPU
		{C9C28BC2-C853-4055-9D6B-7B92F0010DC2}.Debug|Any CPU.Build.0 = Debug|Any CPU
		{C9C28BC2-C853-4055-9D6B-7B92F0010DC2}.Release|Any CPU.ActiveCfg = Release|Any CPU
		{C9C28BC2-C853-4055-9D6B-7B92F0010DC2}.Release|Any CPU.Build.0 = Release|Any CPU
		{0A63DAB3-160C-4BDF-919F-8E5E37D079DD}.Debug|Any CPU.ActiveCfg = Debug|Any CPU
		{0A63DAB3-160C-4BDF-919F-8E5E37D079DD}.Debug|Any CPU.Build.0 = Debug|Any CPU
		{0A63DAB3-160C-4BDF-919F-8E5E37D079DD}.Release|Any CPU.ActiveCfg = Release|Any CPU
		{0A63DAB3-160C-4BDF-919F-8E5E37D079DD}.Release|Any CPU.Build.0 = Release|Any CPU
		{59F465EB-BAD5-4B78-9547-3A9619D65AE0}.Debug|Any CPU.ActiveCfg = Debug|Any CPU
		{59F465EB-BAD5-4B78-9547-3A9619D65AE0}.Debug|Any CPU.Build.0 = Debug|Any CPU
		{59F465EB-BAD5-4B78-9547-3A9619D65AE0}.Release|Any CPU.ActiveCfg = Release|Any CPU
		{59F465EB-BAD5-4B78-9547-3A9619D65AE0}.Release|Any CPU.Build.0 = Release|Any CPU
	EndGlobalSection
	GlobalSection(SolutionProperties) = preSolution
		HideSolutionNode = FALSE
	EndGlobalSection
	GlobalSection(ExtensibilityGlobals) = postSolution
		SolutionGuid = {53F0C391-2124-4975-93B4-3E7C9C8ADE20}
	EndGlobalSection
EndGlobal
